
Microsoft Visual Studio Solution File, Format Version 12.00
# Visual Studio Version 17
VisualStudioVersion = 17.14.36401.2 d17.14
MinimumVisualStudioVersion = 10.0.40219.1
Project("{FAE04EC0-301F-11D3-BF4B-00C04F79EFBC}") = "EchoClip", "EchoClip.csproj", "{5A1ECCBB-6CCC-4D0A-B3BF-0B394AD42EF1}"
EndProject
Global
	GlobalSection(SolutionConfigurationPlatforms) = preSolution
		Debug|Any CPU = Debug|Any CPU
		Release|Any CPU = Release|Any CPU
	EndGlobalSection
	GlobalSection(ProjectConfigurationPlatforms) = postSolution
		{5A1ECCBB-6CCC-4D0A-B3BF-0B394AD42EF1}.Debug|Any CPU.ActiveCfg = Debug|Any CPU
		{5A1ECCBB-6CCC-4D0A-B3BF-0B394AD42EF1}.Debug|Any CPU.Build.0 = Debug|Any CPU
		{5A1ECCBB-6CCC-4D0A-B3BF-0B394AD42EF1}.Release|Any CPU.ActiveCfg = Release|Any CPU
		{5A1ECCBB-6CCC-4D0A-B3BF-0B394AD42EF1}.Release|Any CPU.Build.0 = Release|Any CPU
	EndGlobalSection
	GlobalSection(SolutionProperties) = preSolution
		HideSolutionNode = FALSE
	EndGlobalSection
	GlobalSection(ExtensibilityGlobals) = postSolution
		SolutionGuid = {3D65F233-F5C3-4DA8-9E5B-03C12C46FB6E}
	EndGlobalSection
EndGlobal
